
Microsoft Visual Studio Solution File, Format Version 12.00
# Visual Studio Version 17
VisualStudioVersion = 17.13.35919.96 d17.13
MinimumVisualStudioVersion = 10.0.40219.1
Project("{8BC9CEB8-8B4A-11D0-8D11-00A0C91BC942}") = "PhoneBook", "PhoneBook.vcxproj", "{C82D014C-F64F-B4C3-8CD0-B9E2A47CFA3F}"
EndProject
Global
	GlobalSection(SolutionConfigurationPlatforms) = preSolution
		Debug|x64 = Debug|x64
		Debug|x86 = Debug|x86
		Release|x64 = Release|x64
		Release|x86 = Release|x86
	EndGlobalSection
	GlobalSection(ProjectConfigurationPlatforms) = postSolution
		{C82D014C-F64F-B4C3-8CD0-B9E2A47CFA3F}.Debug|x64.ActiveCfg = Debug|x64
		{C82D014C-F64F-B4C3-8CD0-B9E2A47CFA3F}.Debug|x64.Build.0 = Debug|x64
		{C82D014C-F64F-B4C3-8CD0-B9E2A47CFA3F}.Debug|x86.ActiveCfg = Debug|Win32
		{C82D014C-F64F-B4C3-8CD0-B9E2A47CFA3F}.Debug|x86.Build.0 = Debug|Win32
		{C82D014C-F64F-B4C3-8CD0-B9E2A47CFA3F}.Release|x64.ActiveCfg = Release|x64
		{C82D014C-F64F-B4C3-8CD0-B9E2A47CFA3F}.Release|x64.Build.0 = Release|x64
		{C82D014C-F64F-B4C3-8CD0-B9E2A47CFA3F}.Release|x86.ActiveCfg = Release|Win32
		{C82D014C-F64F-B4C3-8CD0-B9E2A47CFA3F}.Release|x86.Build.0 = Release|Win32
	EndGlobalSection
	GlobalSection(SolutionProperties) = preSolution
		HideSolutionNode = FALSE
	EndGlobalSection
	GlobalSection(ExtensibilityGlobals) = postSolution
		SolutionGuid = {E447F518-8332-4ECC-BE6E-4B17AF401516}
	EndGlobalSection
EndGlobal
