<?xml version="1.0" encoding="utf-8"?>
<Project ToolsVersion="4.0" xmlns="http://schemas.microsoft.com/developer/msbuild/2003">
  <ItemGroup>
    <Filter Include="Source Files">
      <UniqueIdentifier>{4FC737F1-C7A5-4376-A066-2A32D752A2FF}</UniqueIdentifier>
      <Extensions>cpp;c;cc;cxx;c++;cppm;ixx;def;odl;idl;hpj;bat;asm;asmx</Extensions>
    </Filter>
    <Filter Include="Header Files">
      <UniqueIdentifier>{93995380-89BD-4b04-88EB-625FBE52EBFB}</UniqueIdentifier>
      <Extensions>h;hh;hpp;hxx;h++;hm;inl;inc;ipp;xsd</Extensions>
    </Filter>
    <Filter Include="Resource Files">
      <UniqueIdentifier>{67DA6AB6-F800-4c08-8B7A-83BB121AAD01}</UniqueIdentifier>
      <Extensions>rc;ico;cur;bmp;dlg;rc2;rct;bin;rgs;gif;jpg;jpeg;jpe;resx;tiff;tif;png;wav;mfcribbon-ms</Extensions>
    </Filter>
    <Filter Include="Header Files\Utlities">
      <UniqueIdentifier>{efbc7b1b-adc9-49fd-b1d1-4f93032cd320}</UniqueIdentifier>
    </Filter>
    <Filter Include="Header Files\ForDatabase">
      <UniqueIdentifier>{6003c41e-37e2-4b35-86c2-5c735f314198}</UniqueIdentifier>
    </Filter>
    <Filter Include="Header Files\Dialogs">
      <UniqueIdentifier>{87a5b4f9-4eda-42d3-9631-c48517a8e2b5}</UniqueIdentifier>
    </Filter>
    <Filter Include="Source Files\Dialogs">
      <UniqueIdentifier>{6183b9a0-0f23-464b-a70b-0a6667fef62f}</UniqueIdentifier>
    </Filter>
    <Filter Include="Header Files\ForTables">
      <UniqueIdentifier>{d76c0303-8026-4827-ba6c-d17a701da26b}</UniqueIdentifier>
    </Filter>
    <Filter Include="Header Files\ForTables\Cities">
      <UniqueIdentifier>{6700e2ed-ff36-4160-8165-be03562f6396}</UniqueIdentifier>
    </Filter>
    <Filter Include="Header Files\ForTables\PhoneNumbers">
      <UniqueIdentifier>{6a4797a0-2b25-44be-bd43-86326044fda5}</UniqueIdentifier>
    </Filter>
    <Filter Include="Source Files\ForTables">
      <UniqueIdentifier>{5659d396-aec0-42c7-b24b-eb3100da6515}</UniqueIdentifier>
    </Filter>
    <Filter Include="Source Files\ForTables\Cities">
      <UniqueIdentifier>{9169c0aa-1258-411c-aec5-041bd471e250}</UniqueIdentifier>
    </Filter>
    <Filter Include="Header Files\ForTables\Persons">
      <UniqueIdentifier>{ccde1f70-f563-4564-bff2-193f723dc82b}</UniqueIdentifier>
    </Filter>
    <Filter Include="Source Files\ForTables\PhoneNumbers">
      <UniqueIdentifier>{46d56a64-8033-4261-8315-ade34e20a832}</UniqueIdentifier>
    </Filter>
    <Filter Include="Source Files\ForTables\Persons">
      <UniqueIdentifier>{84e87cb2-33fd-4864-8654-8498d6d5deff}</UniqueIdentifier>
    </Filter>
    <Filter Include="Header Files\ForTables\PhoneTypes">
      <UniqueIdentifier>{2b2bf288-030d-46ce-a869-ca0faf9f6bdb}</UniqueIdentifier>
    </Filter>
    <Filter Include="Source Files\ForTables\PhoneTypes">
      <UniqueIdentifier>{50ee0b34-5a9b-4052-b993-7c04f69d613d}</UniqueIdentifier>
    </Filter>
    <Filter Include="Source Files\Dialogs\PhoneTypes">
      <UniqueIdentifier>{c8021bec-58bd-4a3b-8610-646ad02c66c2}</UniqueIdentifier>
    </Filter>
    <Filter Include="Header Files\Dialogs\PhoneTypes">
      <UniqueIdentifier>{07a402b2-289b-41c0-8b90-9406d1b5f861}</UniqueIdentifier>
    </Filter>
  </ItemGroup>
  <ItemGroup>
    <ClInclude Include="framework.h">
      <Filter>Header Files</Filter>
    </ClInclude>
    <ClInclude Include="targetver.h">
      <Filter>Header Files</Filter>
    </ClInclude>
    <ClInclude Include="MainFrm.h">
      <Filter>Header Files</Filter>
    </ClInclude>
    <ClInclude Include="ChildFrm.h">
      <Filter>Header Files</Filter>
    </ClInclude>
    <ClInclude Include="Resource.h">
      <Filter>Header Files</Filter>
    </ClInclude>
    <ClInclude Include="pch.h">
      <Filter>Header Files</Filter>
    </ClInclude>
    <ClInclude Include="Macros.h">
      <Filter>Header Files\Utlities</Filter>
    </ClInclude>
    <ClInclude Include="CommonMethods.h">
      <Filter>Header Files\Utlities</Filter>
    </ClInclude>
    <ClInclude Include="Cities.h">
      <Filter>Header Files\ForTables\Cities</Filter>
    </ClInclude>
    <ClInclude Include="CitiesAccessor.h">
      <Filter>Header Files\ForTables\Cities</Filter>
    </ClInclude>
    <ClInclude Include="CitiesArray.h">
      <Filter>Header Files\ForTables\Cities</Filter>
    </ClInclude>
    <ClInclude Include="CitiesDoc.h">
      <Filter>Header Files\ForTables\Cities</Filter>
    </ClInclude>
    <ClInclude Include="CitiesTable.h">
      <Filter>Header Files\ForTables\Cities</Filter>
    </ClInclude>
    <ClInclude Include="CitiesView.h">
      <Filter>Header Files\ForTables\Cities</Filter>
    </ClInclude>
    <ClInclude Include="DatabaseConnection.h">
      <Filter>Header Files\ForDatabase</Filter>
    </ClInclude>
    <ClInclude Include="CitiesInsertOrUpdateDialog.h">
      <Filter>Header Files\Dialogs</Filter>
    </ClInclude>
    <ClInclude Include="CDialogFindCityById.h">
      <Filter>Header Files\Dialogs</Filter>
    </ClInclude>
    <ClInclude Include="CitiesHint.h">
      <Filter>Header Files\ForTables\Cities</Filter>
    </ClInclude>
    <ClInclude Include="SmartArray.h">
      <Filter>Header Files</Filter>
    </ClInclude>
    <ClInclude Include="PhoneNumbers.h">
      <Filter>Header Files\ForTables\PhoneNumbers</Filter>
    </ClInclude>
    <ClInclude Include="PhoneNumbersAccessor.h">
      <Filter>Header Files\ForTables\PhoneNumbers</Filter>
    </ClInclude>
    <ClInclude Include="PhoneNumbersView.h">
      <Filter>Header Files\ForTables\PhoneNumbers</Filter>
    </ClInclude>
    <ClInclude Include="CommonListView.h">
      <Filter>Header Files\ForTables</Filter>
    </ClInclude>
    <ClInclude Include="PhoneNumbersDoc.h">
      <Filter>Header Files\ForTables\PhoneNumbers</Filter>
    </ClInclude>
    <ClInclude Include="PersonsData.h">
      <Filter>Header Files\ForTables\Persons</Filter>
    </ClInclude>
    <ClInclude Include="PersonsTable.h">
      <Filter>Header Files\ForTables\Persons</Filter>
    </ClInclude>
    <ClInclude Include="BaseTable.h">
      <Filter>Header Files\ForTables</Filter>
    </ClInclude>
    <ClInclude Include="Persons.h">
      <Filter>Header Files\ForTables\Persons</Filter>
    </ClInclude>
    <ClInclude Include="PhoneTypes.h">
      <Filter>Header Files\ForTables\PhoneTypes</Filter>
    </ClInclude>
    <ClInclude Include="PhoneBook.h">
      <Filter>Header Files</Filter>
    </ClInclude>
    <ClInclude Include="PersonsAccessor.h">
      <Filter>Header Files\ForTables\Persons</Filter>
    </ClInclude>
    <ClInclude Include="PhoneNumbersTable.h">
      <Filter>Header Files\ForTables\PhoneNumbers</Filter>
    </ClInclude>
    <ClInclude Include="BaseAccessor.h">
      <Filter>Header Files\ForTables</Filter>
    </ClInclude>
    <ClInclude Include="PersonsDoc.h">
      <Filter>Header Files\ForTables\Persons</Filter>
    </ClInclude>
    <ClInclude Include="PersonsView.h">
      <Filter>Header Files\ForTables\Persons</Filter>
    </ClInclude>
    <ClInclude Include="PhoneTypesAccessor.h">
      <Filter>Header Files\ForTables\PhoneTypes</Filter>
    </ClInclude>
    <ClInclude Include="PhoneTypesTable.h">
      <Filter>Header Files\ForTables\PhoneTypes</Filter>
    </ClInclude>
    <ClInclude Include="PhoneTypesDoc.h">
      <Filter>Header Files\ForTables\PhoneTypes</Filter>
    </ClInclude>
    <ClInclude Include="PhoneTypesView.h">
      <Filter>Header Files\ForTables\PhoneTypes</Filter>
    </ClInclude>
    <ClInclude Include="CommonDocument.h">
      <Filter>Header Files\ForTables</Filter>
    </ClInclude>
    <ClInclude Include="GeneralHint.h">
      <Filter>Header Files\ForTables</Filter>
    </ClInclude>
    <ClInclude Include="InsertOrUpdatePhoneNumberDlg.h">
      <Filter>Header Files\Dialogs</Filter>
    </ClInclude>
    <ClInclude Include="DefinePersonDlg.h">
      <Filter>Header Files\Dialogs</Filter>
    </ClInclude>
    <ClInclude Include="DialogSelectRecordPhoneType.h">
      <Filter>Header Files\Dialogs\PhoneTypes</Filter>
    </ClInclude>
    <ClInclude Include="DialogUpdOrInsPhoneType.h">
      <Filter>Header Files\Dialogs\PhoneTypes</Filter>
    </ClInclude>
  </ItemGroup>
  <ItemGroup>
    <ClCompile Include="PhoneBook.cpp">
      <Filter>Source Files</Filter>
    </ClCompile>
    <ClCompile Include="MainFrm.cpp">
      <Filter>Source Files</Filter>
    </ClCompile>
    <ClCompile Include="ChildFrm.cpp">
      <Filter>Source Files</Filter>
    </ClCompile>
    <ClCompile Include="pch.cpp">
      <Filter>Source Files</Filter>
    </ClCompile>
    <ClCompile Include="DatabaseConnection.cpp">
      <Filter>Source Files</Filter>
    </ClCompile>
    <ClCompile Include="CitiesView.cpp">
      <Filter>Source Files\ForTables\Cities</Filter>
    </ClCompile>
    <ClCompile Include="CitiesDoc.cpp">
      <Filter>Source Files\ForTables\Cities</Filter>
    </ClCompile>
    <ClCompile Include="CitiesInsertOrUpdateDialog.cpp">
      <Filter>Source Files\Dialogs</Filter>
    </ClCompile>
    <ClCompile Include="CDialogFindCityById.cpp">
      <Filter>Source Files\Dialogs</Filter>
    </ClCompile>
    <ClCompile Include="PhoneNumbersView.cpp">
      <Filter>Source Files\ForTables\PhoneNumbers</Filter>
    </ClCompile>
    <ClCompile Include="CommonListView.cpp">
      <Filter>Source Files\ForTables</Filter>
    </ClCompile>
    <ClCompile Include="PhoneNumbersDoc.cpp">
      <Filter>Source Files\ForTables\PhoneNumbers</Filter>
    </ClCompile>
    <ClCompile Include="PersonsTable.cpp">
      <Filter>Source Files</Filter>
    </ClCompile>
    <ClCompile Include="PersonsDoc.cpp">
      <Filter>Source Files\ForTables\Persons</Filter>
    </ClCompile>
    <ClCompile Include="PersonsView.cpp">
      <Filter>Source Files\ForTables\Persons</Filter>
    </ClCompile>
    <ClCompile Include="PhoneTypesDoc.cpp">
      <Filter>Source Files\ForTables\PhoneTypes</Filter>
    </ClCompile>
    <ClCompile Include="PhoneTypesView.cpp">
      <Filter>Source Files\ForTables\PhoneTypes</Filter>
    </ClCompile>
    <ClCompile Include="DefinePersonDlg.cpp">
      <Filter>Source Files\Dialogs</Filter>
    </ClCompile>
    <ClCompile Include="InsertOrUpdatePhoneNumberDlg.cpp">
      <Filter>Source Files\Dialogs</Filter>
    </ClCompile>
    <ClCompile Include="DialogSelectRecordPhoneType.cpp">
      <Filter>Source Files\Dialogs\PhoneTypes</Filter>
    </ClCompile>
    <ClCompile Include="DialogUpdOrInsPhoneType.cpp">
      <Filter>Source Files\Dialogs\PhoneTypes</Filter>
    </ClCompile>
  </ItemGroup>
  <ItemGroup>
    <ResourceCompile Include="PhoneBook.rc">
      <Filter>Resource Files</Filter>
    </ResourceCompile>
  </ItemGroup>
  <ItemGroup>
    <Image Include="res\userimages.bmp">
      <Filter>Resource Files</Filter>
    </Image>
    <Image Include="res\PhoneBookDoc.ico">
      <Filter>Resource Files</Filter>
    </Image>
    <Image Include="res\PhoneBook.ico">
      <Filter>Resource Files</Filter>
    </Image>
    <Image Include="res\Toolbar.bmp">
      <Filter>Resource Files</Filter>
    </Image>
    <Image Include="res\Toolbar256.bmp">
      <Filter>Resource Files</Filter>
    </Image>
  </ItemGroup>
  <ItemGroup>
    <None Include="res\PhoneBook.rc2">
      <Filter>Resource Files</Filter>
    </None>
  </ItemGroup>
</Project>